
Microsoft Visual Studio Solution File, Format Version 12.00
# Visual Studio 15
VisualStudioVersion = 15.0.27703.2026
MinimumVisualStudioVersion = 10.0.40219.1
Project("{FAE04EC0-301F-11D3-BF4B-00C04F79EFBC}") = "MVC_GitHub_0514_201831980205", "MVC_GitHub_0514_201831980205\MVC_GitHub_0514_201831980205.csproj", "{1ABE49B9-DB08-42EF-9C40-31EEB7D6DA59}"
EndProject
Global
	GlobalSection(SolutionConfigurationPlatforms) = preSolution
		Debug|Any CPU = Debug|Any CPU
		Release|Any CPU = Release|Any CPU
	EndGlobalSection
	GlobalSection(ProjectConfigurationPlatforms) = postSolution
		{1ABE49B9-DB08-42EF-9C40-31EEB7D6DA59}.Debug|Any CPU.ActiveCfg = Debug|Any CPU
		{1ABE49B9-DB08-42EF-9C40-31EEB7D6DA59}.Debug|Any CPU.Build.0 = Debug|Any CPU
		{1ABE49B9-DB08-42EF-9C40-31EEB7D6DA59}.Release|Any CPU.ActiveCfg = Release|Any CPU
		{1ABE49B9-DB08-42EF-9C40-31EEB7D6DA59}.Release|Any CPU.Build.0 = Release|Any CPU
	EndGlobalSection
	GlobalSection(SolutionProperties) = preSolution
		HideSolutionNode = FALSE
	EndGlobalSection
	GlobalSection(ExtensibilityGlobals) = postSolution
		SolutionGuid = {D67C9525-0450-4390-8BA8-21E23450F4C0}
	EndGlobalSection
EndGlobal
